PODS:
  - Alamofire (4.2.0)
  - Cuckoo (0.8.2)
  - Mockingjay (2.0.0):
    - Mockingjay/Core (= 2.0.0)
    - Mockingjay/XCTest (= 2.0.0)
  - Mockingjay/Core (2.0.0):
    - URITemplate (~> 2.0)
  - Mockingjay/XCTest (2.0.0):
    - Mockingjay/Core
  - Nimble (5.1.0)
  - Quick (1.0.0)
  - ReactiveCocoa (5.0.1):
    - ReactiveSwift (~> 1.1)
  - ReactiveSwift (1.1.0):
    - Result (~> 3.1)
  - Result (3.2.0)
  - RxCocoa (3.2.0):
    - RxSwift (~> 3.1)
  - RxSwift (3.2.0)
  - URITemplate (2.0.0)

DEPENDENCIES:
  - Alamofire (= 4.2.0)
  - Cuckoo (= 0.8.2)
  - Mockingjay (= 2.0.0)
  - Nimble (= 5.1.0)
  - Quick (= 1.0.0)
  - ReactiveCocoa (~> 5.0.1)
  - RxCocoa (~> 3.2.0)
  - RxSwift (~> 3.2.0)

SPEC CHECKSUMS:
  Alamofire: aa2e09d871c9160ac53c90e83c68064a94e3dfbe
  Cuckoo: e0f60e464a477f603b24eb9fc32aecea88aaba2e
  Mockingjay: 7122a3fc0597aa63438e4cd9b71b7bc8aac05b87
  Nimble: 5ea121a2eda60440287054cde077fc0ad22227b3
  Quick: 8024e4a47e6cc03a9d5245ef0948264fc6d27cff
  ReactiveCocoa: f577006aa6c7b0b08020109ebaae3b77ada00adc
  ReactiveSwift: 2f4e4a02e5a5c87ea63f5fe667163ce2a67cbb57
  Result: 5a6705171c0613cc5fbf6ec55ff520cc62a8e81d
  RxCocoa: ccdf43101a70407097a29082f648ba1676075b30
  RxSwift: 46574f70d416b7923c237195939cc488a7fbf3a0
  URITemplate: a5acb3f76c6a2338116fde88b658d83f91bbac45

PODFILE CHECKSUM: 460b936b9914c343c212f05974c0e0c494a413bf

COCOAPODS: 1.1.1
